
Microsoft Visual Studio Solution File, Format Version 12.00
# Visual Studio Version 17
VisualStudioVersion = 17.12.35707.178 d17.12
MinimumVisualStudioVersion = 10.0.40219.1
Project("{FAE04EC0-301F-11D3-BF4B-00C04F79EFBC}") = "Mutable Objects", "Mutable Objects\Mutable Objects.csproj", "{4374568D-59A6-4E91-8302-1F5881A27D0C}"
EndProject
Global
	GlobalSection(SolutionConfigurationPlatforms) = preSolution
		Debug|Any CPU = Debug|Any CPU
		Release|Any CPU = Release|Any CPU
	EndGlobalSection
	GlobalSection(ProjectConfigurationPlatforms) = postSolution
		{4374568D-59A6-4E91-8302-1F5881A27D0C}.Debug|Any CPU.ActiveCfg = Debug|Any CPU
		{4374568D-59A6-4E91-8302-1F5881A27D0C}.Debug|Any CPU.Build.0 = Debug|Any CPU
		{4374568D-59A6-4E91-8302-1F5881A27D0C}.Release|Any CPU.ActiveCfg = Release|Any CPU
		{4374568D-59A6-4E91-8302-1F5881A27D0C}.Release|Any CPU.Build.0 = Release|Any CPU
	EndGlobalSection
	GlobalSection(SolutionProperties) = preSolution
		HideSolutionNode = FALSE
	EndGlobalSection
EndGlobal
