
Microsoft Visual Studio Solution File, Format Version 12.00
# Visual Studio Version 17
VisualStudioVersion = 17.10.35013.160
MinimumVisualStudioVersion = 10.0.40219.1
Project("{FAE04EC0-301F-11D3-BF4B-00C04F79EFBC}") = "StudentAppUsingDB", "StudentAppUsingDB\StudentAppUsingDB.csproj", "{1A4031B7-E041-44D6-97B6-2AD7CF01D535}"
EndProject
Global
	GlobalSection(SolutionConfigurationPlatforms) = preSolution
		Debug|Any CPU = Debug|Any CPU
		Release|Any CPU = Release|Any CPU
	EndGlobalSection
	GlobalSection(ProjectConfigurationPlatforms) = postSolution
		{1A4031B7-E041-44D6-97B6-2AD7CF01D535}.Debug|Any CPU.ActiveCfg = Debug|Any CPU
		{1A4031B7-E041-44D6-97B6-2AD7CF01D535}.Debug|Any CPU.Build.0 = Debug|Any CPU
		{1A4031B7-E041-44D6-97B6-2AD7CF01D535}.Release|Any CPU.ActiveCfg = Release|Any CPU
		{1A4031B7-E041-44D6-97B6-2AD7CF01D535}.Release|Any CPU.Build.0 = Release|Any CPU
	EndGlobalSection
	GlobalSection(SolutionProperties) = preSolution
		HideSolutionNode = FALSE
	EndGlobalSection
	GlobalSection(ExtensibilityGlobals) = postSolution
		SolutionGuid = {C2C1A03F-5991-45BC-A05B-EDA68C77D65B}
	EndGlobalSection
EndGlobal
